// !$*UTF8*$!
{
	archiveVersion = 1;
	classes = {
	};
	objectVersion = 46;
	objects = {

/* Begin PBXBuildFile section */
		EC177BC71E36E15A00D972D3 /* AppDelegate.swift in Sources */ = {isa = PBXBuildFile; fileRef = EC177BC61E36E15A00D972D3 /* AppDelegate.swift */; };
		EC177BC91E36E15A00D972D3 /* FaceViewController.swift in Sources */ = {isa = PBXBuildFile; fileRef = EC177BC81E36E15A00D972D3 /* FaceViewController.swift */; };
		EC177BCC1E36E15A00D972D3 /* Main.storyboard in Resources */ = {isa = PBXBuildFile; fileRef = EC177BCA1E36E15A00D972D3 /* Main.storyboard */; };
		EC177BCE1E36E15A00D972D3 /* Assets.xcassets in Resources */ = {isa = PBXBuildFile; fileRef = EC177BCD1E36E15A00D972D3 /* Assets.xcassets */; };
		EC177BD11E36E15A00D972D3 /* LaunchScreen.storyboard in Resources */ = {isa = PBXBuildFile; fileRef = EC177BCF1E36E15A00D972D3 /* LaunchScreen.storyboard */; };
		EC177BDA1E36E1BA00D972D3 /* FaceView.swift in Sources */ = {isa = PBXBuildFile; fileRef = EC177BD91E36E1BA00D972D3 /* FaceView.swift */; };
		EC19C09F1E4013FA000C9D4D /* EmotionsViewController.swift in Sources */ = {isa = PBXBuildFile; fileRef = EC19C09E1E4013FA000C9D4D /* EmotionsViewController.swift */; };
		EC19C0A11E401FEA000C9D4D /* VCLLoggingViewController.swift in Sources */ = {isa = PBXBuildFile; fileRef = EC19C0A01E401FEA000C9D4D /* VCLLoggingViewController.swift */; };
		EC914BBE1E397BEE0028806F /* FacialExpression.swift in Sources */ = {isa = PBXBuildFile; fileRef = EC914BBD1E397BEE0028806F /* FacialExpression.swift */; };
/* End PBXBuildFile section */

/* Begin PBXFileReference section */
		EC177BC31E36E15A00D972D3 /* FaceIt.app */ = {isa = PBXFileReference; explicitFileType = wrapper.application; includeInIndex = 0; path = FaceIt.app; sourceTree = BUILT_PRODUCTS_DIR; };
		EC177BC61E36E15A00D972D3 /* AppDelegate.swift */ = {isa = PBXFileReference; lastKnownFileType = sourcecode.swift; path = AppDelegate.swift; sourceTree = "<group>"; };
		EC177BC81E36E15A00D972D3 /* FaceViewController.swift */ = {isa = PBXFileReference; lastKnownFileType = sourcecode.swift; path = FaceViewController.swift; sourceTree = "<group>"; };
		EC177BCB1E36E15A00D972D3 /* Base */ = {isa = PBXFileReference; lastKnownFileType = file.storyboard; name = Base; path = Base.lproj/Main.storyboard; sourceTree = "<group>"; };
		EC177BCD1E36E15A00D972D3 /* Assets.xcassets */ = {isa = PBXFileReference; lastKnownFileType = folder.assetcatalog; path = Assets.xcassets; sourceTree = "<group>"; };
		EC177BD01E36E15A00D972D3 /* Base */ = {isa = PBXFileReference; lastKnownFileType = file.storyboard; name = Base; path = Base.lproj/LaunchScreen.storyboard; sourceTree = "<group>"; };
		EC177BD21E36E15A00D972D3 /* Info.plist */ = {isa = PBXFileReference; lastKnownFileType = text.plist.xml; path = Info.plist; sourceTree = "<group>"; };
		EC177BD91E36E1BA00D972D3 /* FaceView.swift */ = {isa = PBXFileReference; fileEncoding = 4; lastKnownFileType = sourcecode.swift; path = FaceView.swift; sourceTree = "<group>"; };
		EC19C09E1E4013FA000C9D4D /* EmotionsViewController.swift */ = {isa = PBXFileReference; fileEncoding = 4; lastKnownFileType = sourcecode.swift; path = EmotionsViewController.swift; sourceTree = "<group>"; };
		EC19C0A01E401FEA000C9D4D /* VCLLoggingViewController.swift */ = {isa = PBXFileReference; fileEncoding = 4; lastKnownFileType = sourcecode.swift; path = VCLLoggingViewController.swift; sourceTree = "<group>"; };
		EC914BBD1E397BEE0028806F /* FacialExpression.swift */ = {isa = PBXFileReference; fileEncoding = 4; lastKnownFileType = sourcecode.swift; path = FacialExpression.swift; sourceTree = "<group>"; };
/* End PBXFileReference section */

/* Begin PBXFrameworksBuildPhase section */
		EC177BC01E36E15A00D972D3 /* Frameworks */ = {
			isa = PBXFrameworksBuildPhase;
			buildActionMask = 2147483647;
			files = (
			);
			runOnlyForDeploymentPostprocessing = 0;
		};
/* End PBXFrameworksBuildPhase section */

/* Begin PBXGroup section */
		EC177BBA1E36E15A00D972D3 = {
			isa = PBXGroup;
			children = (
				EC177BC51E36E15A00D972D3 /* FaceIt */,
				EC177BC41E36E15A00D972D3 /* Products */,
			);
			sourceTree = "<group>";
		};
		EC177BC41E36E15A00D972D3 /* Products */ = {
			isa = PBXGroup;
			children = (
				EC177BC31E36E15A00D972D3 /* FaceIt.app */,
			);
			name = Products;
			sourceTree = "<group>";
		};
		EC177BC51E36E15A00D972D3 /* FaceIt */ = {
			isa = PBXGroup;
			children = (
				EC19C09E1E4013FA000C9D4D /* EmotionsViewController.swift */,
				EC177BC81E36E15A00D972D3 /* FaceViewController.swift */,
				EC19C0A01E401FEA000C9D4D /* VCLLoggingViewController.swift */,
				EC177BCA1E36E15A00D972D3 /* Main.storyboard */,
				EC914BBD1E397BEE0028806F /* FacialExpression.swift */,
				EC177BD91E36E1BA00D972D3 /* FaceView.swift */,
				EC177BD81E36E16400D972D3 /* Supporting Files */,
			);
			path = FaceIt;
			sourceTree = "<group>";
		};
		EC177BD81E36E16400D972D3 /* Supporting Files */ = {
			isa = PBXGroup;
			children = (
				EC177BC61E36E15A00D972D3 /* AppDelegate.swift */,
				EC177BCD1E36E15A00D972D3 /* Assets.xcassets */,
				EC177BCF1E36E15A00D972D3 /* LaunchScreen.storyboard */,
				EC177BD21E36E15A00D972D3 /* Info.plist */,
			);
			name = "Supporting Files";
			sourceTree = "<group>";
		};
/* End PBXGroup section */

/* Begin PBXNativeTarget section */
		EC177BC21E36E15A00D972D3 /* FaceIt */ = {
			isa = PBXNativeTarget;
			buildConfigurationList = EC177BD51E36E15A00D972D3 /* Build configuration list for PBXNativeTarget "FaceIt" */;
			buildPhases = (
				EC177BBF1E36E15A00D972D3 /* Sources */,
				EC177BC01E36E15A00D972D3 /* Frameworks */,
				EC177BC11E36E15A00D972D3 /* Resources */,
			);
			buildRules = (
			);
			dependencies = (
			);
			name = FaceIt;
			productName = FaceIt;
			productReference = EC177BC31E36E15A00D972D3 /* FaceIt.app */;
			productType = "com.apple.product-type.application";
		};
/* End PBXNativeTarget section */

/* Begin PBXProject section */
		EC177BBB1E36E15A00D972D3 /* Project object */ = {
			isa = PBXProject;
			attributes = {
				LastSwiftUpdateCheck = 0820;
				LastUpgradeCheck = 0820;
				ORGANIZATIONNAME = "Stanford University";
				TargetAttributes = {
					EC177BC21E36E15A00D972D3 = {
						CreatedOnToolsVersion = 8.2.1;
						ProvisioningStyle = Automatic;
					};
				};
			};
			buildConfigurationList = EC177BBE1E36E15A00D972D3 /* Build configuration list for PBXProject "FaceIt" */;
			compatibilityVersion = "Xcode 3.2";
			developmentRegion = English;
			hasScannedForEncodings = 0;
			knownRegions = (
				en,
				Base,
			);
			mainGroup = EC177BBA1E36E15A00D972D3;
			productRefGroup = EC177BC41E36E15A00D972D3 /* Products */;
			projectDirPath = "";
			projectRoot = "";
			targets = (
				EC177BC21E36E15A00D972D3 /* FaceIt */,
			);
		};
/* End PBXProject section */

/* Begin PBXResourcesBuildPhase section */
		EC177BC11E36E15A00D972D3 /* Resources */ = {
			isa = PBXResourcesBuildPhase;
			buildActionMask = 2147483647;
			files = (
				EC177BD11E36E15A00D972D3 /* LaunchScreen.storyboard in Resources */,
				EC177BCE1E36E15A00D972D3 /* Assets.xcassets in Resources */,
				EC177BCC1E36E15A00D972D3 /* Main.storyboard in Resources */,
			);
			runOnlyForDeploymentPostprocessing = 0;
		};
/* End PBXResourcesBuildPhase section */

/* Begin PBXSourcesBuildPhase section */
		EC177BBF1E36E15A00D972D3 /* Sources */ = {
			isa = PBXSourcesBuildPhase;
			buildActionMask = 2147483647;
			files = (
				EC19C0A11E401FEA000C9D4D /* VCLLoggingViewController.swift in Sources */,
				EC177BC91E36E15A00D972D3 /* FaceViewController.swift in Sources */,
				EC914BBE1E397BEE0028806F /* FacialExpression.swift in Sources */,
				EC19C09F1E4013FA000C9D4D /* EmotionsViewController.swift in Sources */,
				EC177BC71E36E15A00D972D3 /* AppDelegate.swift in Sources */,
				EC177BDA1E36E1BA00D972D3 /* FaceView.swift in Sources */,
			);
			runOnlyForDeploymentPostprocessing = 0;
		};
/* End PBXSourcesBuildPhase section */

/* Begin PBXVariantGroup section */
		EC177BCA1E36E15A00D972D3 /* Main.storyboard */ = {
			isa = PBXVariantGroup;
			children = (
				EC177BCB1E36E15A00D972D3 /* Base */,
			);
			name = Main.storyboard;
			sourceTree = "<group>";
		};
		EC177BCF1E36E15A00D972D3 /* LaunchScreen.storyboard */ = {
			isa = PBXVariantGroup;
			children = (
				EC177BD01E36E15A00D972D3 /* Base */,
			);
			name = LaunchScreen.storyboard;
			sourceTree = "<group>";
		};
/* End PBXVariantGroup section */

/* Begin XCBuildConfiguration section */
		EC177BD31E36E15A00D972D3 /* Debug */ = {
			isa = XCBuildConfiguration;
			buildSettings = {
				ALWAYS_SEARCH_USER_PATHS = NO;
				CLANG_ANALYZER_NONNULL = YES;
				CLANG_CXX_LANGUAGE_STANDARD = "gnu++0x";
				CLANG_CXX_LIBRARY = "libc++";
				CLANG_ENABLE_MODULES = YES;
				CLANG_ENABLE_OBJC_ARC = YES;
				CLANG_WARN_BOOL_CONVERSION = YES;
				CLANG_WARN_CONSTANT_CONVERSION = YES;
				CLANG_WARN_DIRECT_OBJC_ISA_USAGE = YES_ERROR;
				CLANG_WARN_DOCUMENTATION_COMMENTS = YES;
				CLANG_WARN_EMPTY_BODY = YES;
				CLANG_WARN_ENUM_CONVERSION = YES;
				CLANG_WARN_INFINITE_RECURSION = YES;
				CLANG_WARN_INT_CONVERSION = YES;
				CLANG_WARN_OBJC_ROOT_CLASS = YES_ERROR;
				CLANG_WARN_SUSPICIOUS_MOVE = YES;
				CLANG_WARN_UNREACHABLE_CODE = YES;
				CLANG_WARN__DUPLICATE_METHOD_MATCH = YES;
				"CODE_SIGN_IDENTITY[sdk=iphoneos*]" = "iPhone Developer";
				COPY_PHASE_STRIP = NO;
				DEBUG_INFORMATION_FORMAT = dwarf;
				ENABLE_STRICT_OBJC_MSGSEND = YES;
				ENABLE_TESTABILITY = YES;
				GCC_C_LANGUAGE_STANDARD = gnu99;
				GCC_DYNAMIC_NO_PIC = NO;
				GCC_NO_COMMON_BLOCKS = YES;
				GCC_OPTIMIZATION_LEVEL = 0;
				GCC_PREPROCESSOR_DEFINITIONS = (
					"DEBUG=1",
					"$(inherited)",
				);
				GCC_WARN_64_TO_32_BIT_CONVERSION = YES;
				GCC_WARN_ABOUT_RETURN_TYPE = YES_ERROR;
				GCC_WARN_UNDECLARED_SELECTOR = YES;
				GCC_WARN_UNINITIALIZED_AUTOS = YES_AGGRESSIVE;
				GCC_WARN_UNUSED_FUNCTION = YES;
				GCC_WARN_UNUSED_VARIABLE = YES;
				IPHONEOS_DEPLOYMENT_TARGET = 10.2;
				MTL_ENABLE_DEBUG_INFO = YES;
				ONLY_ACTIVE_ARCH = YES;
				SDKROOT = iphoneos;
				SWIFT_ACTIVE_COMPILATION_CONDITIONS = DEBUG;
				SWIFT_OPTIMIZATION_LEVEL = "-Onone";
				TARGETED_DEVICE_FAMILY = "1,2";
			};
			name = Debug;
		};
		EC177BD41E36E15A00D972D3 /* Release */ = {
			isa = XCBuildConfiguration;
			buildSettings = {
				ALWAYS_SEARCH_USER_PATHS = NO;
				CLANG_ANALYZER_NONNULL = YES;
				CLANG_CXX_LANGUAGE_STANDARD = "gnu++0x";
				CLANG_CXX_LIBRARY = "libc++";
				CLANG_ENABLE_MODULES = YES;
				CLANG_ENABLE_OBJC_ARC = YES;
				CLANG_WARN_BOOL_CONVERSION = YES;
				CLANG_WARN_CONSTANT_CONVERSION = YES;
				CLANG_WARN_DIRECT_OBJC_ISA_USAGE = YES_ERROR;
				CLANG_WARN_DOCUMENTATION_COMMENTS = YES;
				CLANG_WARN_EMPTY_BODY = YES;
				CLANG_WARN_ENUM_CONVERSION = YES;
				CLANG_WARN_INFINITE_RECURSION = YES;
				CLANG_WARN_INT_CONVERSION = YES;
				CLANG_WARN_OBJC_ROOT_CLASS = YES_ERROR;
				CLANG_WARN_SUSPICIOUS_MOVE = YES;
				CLANG_WARN_UNREACHABLE_CODE = YES;
				CLANG_WARN__DUPLICATE_METHOD_MATCH = YES;
				"CODE_SIGN_IDENTITY[sdk=iphoneos*]" = "iPhone Developer";
				COPY_PHASE_STRIP = NO;
				DEBUG_INFORMATION_FORMAT = "dwarf-with-dsym";
				ENABLE_NS_ASSERTIONS = NO;
				ENABLE_STRICT_OBJC_MSGSEND = YES;
				GCC_C_LANGUAGE_STANDARD = gnu99;
				GCC_NO_COMMON_BLOCKS = YES;
				GCC_WARN_64_TO_32_BIT_CONVERSION = YES;
				GCC_WARN_ABOUT_RETURN_TYPE = YES_ERROR;
				GCC_WARN_UNDECLARED_SELECTOR = YES;
				GCC_WARN_UNINITIALIZED_AUTOS = YES_AGGRESSIVE;
				GCC_WARN_UNUSED_FUNCTION = YES;
				GCC_WARN_UNUSED_VARIABLE = YES;
				IPHONEOS_DEPLOYMENT_TARGET = 10.2;
				MTL_ENABLE_DEBUG_INFO = NO;
				SDKROOT = iphoneos;
				SWIFT_OPTIMIZATION_LEVEL = "-Owholemodule";
				TARGETED_DEVICE_FAMILY = "1,2";
				VALIDATE_PRODUCT = YES;
			};
			name = Release;
		};
		EC177BD61E36E15A00D972D3 /* Debug */ = {
			isa = XCBuildConfiguration;
			buildSettings = {
				ASSETCATALOG_COMPILER_APPICON_NAME = AppIcon;
				DEVELOPMENT_TEAM = "";
				INFOPLIST_FILE = FaceIt/Info.plist;
				LD_RUNPATH_SEARCH_PATHS = "$(inherited) @executable_path/Frameworks";
				PRODUCT_BUNDLE_IDENTIFIER = edu.stanford.cs193p.lecture.FaceIt;
				PRODUCT_NAME = "$(TARGET_NAME)";
				SWIFT_VERSION = 3.0;
			};
			name = Debug;
		};
		EC177BD71E36E15A00D972D3 /* Release */ = {
			isa = XCBuildConfiguration;
			buildSettings = {
				ASSETCATALOG_COMPILER_APPICON_NAME = AppIcon;
				DEVELOPMENT_TEAM = "";
				INFOPLIST_FILE = FaceIt/Info.plist;
				LD_RUNPATH_SEARCH_PATHS = "$(inherited) @executable_path/Frameworks";
				PRODUCT_BUNDLE_IDENTIFIER = edu.stanford.cs193p.lecture.FaceIt;
				PRODUCT_NAME = "$(TARGET_NAME)";
				SWIFT_VERSION = 3.0;
			};
			name = Release;
		};
/* End XCBuildConfiguration section */

/* Begin XCConfigurationList section */
		EC177BBE1E36E15A00D972D3 /* Build configuration list for PBXProject "FaceIt" */ = {
			isa = XCConfigurationList;
			buildConfigurations = (
				EC177BD31E36E15A00D972D3 /* Debug */,
				EC177BD41E36E15A00D972D3 /* Release */,
			);
			defaultConfigurationIsVisible = 0;
			defaultConfigurationName = Release;
		};
		EC177BD51E36E15A00D972D3 /* Build configuration list for PBXNativeTarget "FaceIt" */ = {
			isa = XCConfigurationList;
			buildConfigurations = (
				EC177BD61E36E15A00D972D3 /* Debug */,
				EC177BD71E36E15A00D972D3 /* Release */,
			);
			defaultConfigurationIsVisible = 0;
			defaultConfigurationName = Release;
		};
/* End XCConfigurationList section */
	};
	rootObject = EC177BBB1E36E15A00D972D3 /* Project object */;
}
